
Microsoft Visual Studio Solution File, Format Version 12.00
# Visual Studio Version 17
VisualStudioVersion = 17.13.35913.81 d17.13
MinimumVisualStudioVersion = 10.0.40219.1
Project("{FAE04EC0-301F-11D3-BF4B-00C04F79EFBC}") = "Flugg-FilmRegister", "Flugg-FilmRegister\Flugg-FilmRegister.csproj", "{9E0EF96C-6D8F-44B4-810F-F5A9EDDC1608}"
EndProject
Global
	GlobalSection(SolutionConfigurationPlatforms) = preSolution
		Debug|Any CPU = Debug|Any CPU
		Release|Any CPU = Release|Any CPU
	EndGlobalSection
	GlobalSection(ProjectConfigurationPlatforms) = postSolution
		{9E0EF96C-6D8F-44B4-810F-F5A9EDDC1608}.Debug|Any CPU.ActiveCfg = Debug|Any CPU
		{9E0EF96C-6D8F-44B4-810F-F5A9EDDC1608}.Debug|Any CPU.Build.0 = Debug|Any CPU
		{9E0EF96C-6D8F-44B4-810F-F5A9EDDC1608}.Release|Any CPU.ActiveCfg = Release|Any CPU
		{9E0EF96C-6D8F-44B4-810F-F5A9EDDC1608}.Release|Any CPU.Build.0 = Release|Any CPU
	EndGlobalSection
	GlobalSection(SolutionProperties) = preSolution
		HideSolutionNode = FALSE
	EndGlobalSection
	GlobalSection(ExtensibilityGlobals) = postSolution
		SolutionGuid = {E8A46BB0-7EBF-4A2B-A35B-4A2714B06D6A}
	EndGlobalSection
EndGlobal
